
Microsoft Visual Studio Solution File, Format Version 12.00
# Visual Studio Version 16
VisualStudioVersion = 16.0.30225.117
MinimumVisualStudioVersion = 10.0.40219.1
Project("{FAE04EC0-301F-11D3-BF4B-00C04F79EFBC}") = "M3U8.CLI", "M3U8.CLI\M3U8.CLI.csproj", "{3CA3BBE0-D161-42F7-A843-3DACFDF4ACFC}"
EndProject
Project("{FAE04EC0-301F-11D3-BF4B-00C04F79EFBC}") = "M3U8.Library", "M3U8.Library\M3U8.Library.csproj", "{D76517B0-A5F1-448D-8F38-134C4028CCA4}"
EndProject
Global
	GlobalSection(SolutionConfigurationPlatforms) = preSolution
		Debug|Any CPU = Debug|Any CPU
		Release|Any CPU = Release|Any CPU
	EndGlobalSection
	GlobalSection(ProjectConfigurationPlatforms) = postSolution
		{3CA3BBE0-D161-42F7-A843-3DACFDF4ACFC}.Debug|Any CPU.ActiveCfg = Debug|Any CPU
		{3CA3BBE0-D161-42F7-A843-3DACFDF4ACFC}.Debug|Any CPU.Build.0 = Debug|Any CPU
		{3CA3BBE0-D161-42F7-A843-3DACFDF4ACFC}.Release|Any CPU.ActiveCfg = Release|Any CPU
		{3CA3BBE0-D161-42F7-A843-3DACFDF4ACFC}.Release|Any CPU.Build.0 = Release|Any CPU
		{D76517B0-A5F1-448D-8F38-134C4028CCA4}.Debug|Any CPU.ActiveCfg = Debug|Any CPU
		{D76517B0-A5F1-448D-8F38-134C4028CCA4}.Debug|Any CPU.Build.0 = Debug|Any CPU
		{D76517B0-A5F1-448D-8F38-134C4028CCA4}.Release|Any CPU.ActiveCfg = Release|Any CPU
		{D76517B0-A5F1-448D-8F38-134C4028CCA4}.Release|Any CPU.Build.0 = Release|Any CPU
	EndGlobalSection
	GlobalSection(SolutionProperties) = preSolution
		HideSolutionNode = FALSE
	EndGlobalSection
	GlobalSection(ExtensibilityGlobals) = postSolution
		SolutionGuid = {74E16BAC-246E-4AFF-B47E-6F7DAF692CC1}
	EndGlobalSection
EndGlobal
